{
  "name": "advent-calendar-crawler",
  "version": "1.0.0",
  "lockfileVersion": 3,
  "requires": true,
  "packages": {
    "": {
      "name": "advent-calendar-crawler",
      "version": "1.0.0",
      "license": "MIT",
      "dependencies": {
        "config": "^3.3.3",
        "playwright-chromium": "^1.40.1"
      }
    },
    "node_modules/config": {
      "version": "3.3.3",
      "resolved": "https://registry.npmjs.org/config/-/config-3.3.3.tgz",
      "integrity": "sha512-T3RmZQEAji5KYqUQpziWtyGJFli6Khz7h0rpxDwYNjSkr5ynyTWwO7WpfjHzTXclNCDfSWQRcwMb+NwxJesCKw==",
      "dependencies": {
        "json5": "^2.1.1"
      },
      "engines": {
        "node": ">= 6.0.0"
      }
    },
    "node_modules/json5": {
      "version": "2.2.3",
      "resolved": "https://registry.npmjs.org/json5/-/json5-2.2.3.tgz",
      "integrity": "sha512-XmOWe7eyHYH14cLdVPoyg+GOH3rYX++KpzrylJwSW98t3Nk+U8XOl8FWKOgwtzdb8lXGf6zYwDUzeHMWfxasyg==",
      "bin": {
        "json5": "lib/cli.js"
      },
      "engines": {
        "node": ">=6"
      }
    },
    "node_modules/playwright-chromium": {
      "version": "1.40.1",
      "resolved": "https://registry.npmjs.org/playwright-chromium/-/playwright-chromium-1.40.1.tgz",
      "integrity": "sha512-3atylP47OCTBW0siGI7LOEG/XKL/vnrFH8xdr4uaTnqMsc0Xq4gOLk2gGwniPJ76LSc++9ASc0w/nfqtLAmm3A==",
      "hasInstallScript": true,
      "dependencies": {
        "playwright-core": "1.40.1"
      },
      "bin": {
        "playwright": "cli.js"
      },
      "engines": {
        "node": ">=16"
      }
    },
    "node_modules/playwright-core": {
      "version": "1.40.1",
      "resolved": "https://registry.npmjs.org/playwright-core/-/playwright-core-1.40.1.tgz",
      "integrity": "sha512-+hkOycxPiV534c4HhpfX6yrlawqVUzITRKwHAmYfmsVreltEl6fAZJ3DPfLMOODw0H3s1Itd6MDCWmP1fl/QvQ==",
      "bin": {
        "playwright-core": "cli.js"
      },
      "engines": {
        "node": ">=16"
      }
    }
  }
}
